<?xml version="1.0" encoding="utf-8"?>
<Project ToolsVersion="4.0" xmlns="http://schemas.microsoft.com/developer/msbuild/2003">
  <ItemGroup>
    <Filter Include="소스 파일">
      <UniqueIdentifier>{4FC737F1-C7A5-4376-A066-2A32D752A2FF}</UniqueIdentifier>
      <Extensions>cpp;c;cc;cxx;c++;cppm;ixx;def;odl;idl;hpj;bat;asm;asmx</Extensions>
    </Filter>
    <Filter Include="헤더 파일">
      <UniqueIdentifier>{93995380-89BD-4b04-88EB-625FBE52EBFB}</UniqueIdentifier>
      <Extensions>h;hh;hpp;hxx;h++;hm;inl;inc;ipp;xsd</Extensions>
    </Filter>
    <Filter Include="리소스 파일">
      <UniqueIdentifier>{67DA6AB6-F800-4c08-8B7A-83BB121AAD01}</UniqueIdentifier>
      <Extensions>rc;ico;cur;bmp;dlg;rc2;rct;bin;rgs;gif;jpg;jpeg;jpe;resx;tiff;tif;png;wav;mfcribbon-ms</Extensions>
    </Filter>
    <Filter Include="Entity">
      <UniqueIdentifier>{82be83b1-c6ef-4185-add1-daae83ea1cb0}</UniqueIdentifier>
    </Filter>
    <Filter Include="Scene">
      <UniqueIdentifier>{3c8b76da-e1da-4357-9c74-ed361c957f4e}</UniqueIdentifier>
    </Filter>
    <Filter Include="Entity\Wall">
      <UniqueIdentifier>{a6ba6c50-0002-4bce-a342-68d2b1c3e05c}</UniqueIdentifier>
    </Filter>
    <Filter Include="Entity\Bullet">
      <UniqueIdentifier>{dbd7b957-b3c4-49da-a06c-6c320f720caf}</UniqueIdentifier>
    </Filter>
    <Filter Include="Component">
      <UniqueIdentifier>{e172fa2e-c0eb-4ecb-b2f9-5ad87389de9b}</UniqueIdentifier>
    </Filter>
    <Filter Include="Component\Bullet">
      <UniqueIdentifier>{8a6966f1-adc0-47d9-8eaa-1a998d8e63ff}</UniqueIdentifier>
    </Filter>
    <Filter Include="Entity\BulletSpowner">
      <UniqueIdentifier>{7bdae6a6-f93c-4e5d-9fef-b4e72e114ab3}</UniqueIdentifier>
    </Filter>
    <Filter Include="Component\DebugComponent">
      <UniqueIdentifier>{efe874c3-c70a-4af3-ad04-09ed6df054f7}</UniqueIdentifier>
    </Filter>
    <Filter Include="Component\Player">
      <UniqueIdentifier>{03ea1fc6-15c7-4802-bb06-a1c633911e36}</UniqueIdentifier>
    </Filter>
    <Filter Include="Component\BattleSystem">
      <UniqueIdentifier>{fbe94c66-3d27-4980-865e-234609cf9e54}</UniqueIdentifier>
    </Filter>
    <Filter Include="Component\BattleSystem\DamageSystem">
      <UniqueIdentifier>{b3bc1aae-ce59-47ed-9762-826fc15645c6}</UniqueIdentifier>
    </Filter>
    <Filter Include="Component\Enemy">
      <UniqueIdentifier>{e864a2a5-287c-447b-8b00-aa05e9901fee}</UniqueIdentifier>
    </Filter>
    <Filter Include="Component\BattleSystem\Weapon">
      <UniqueIdentifier>{9444ff9b-e7ce-4eb5-a751-7b11655795bf}</UniqueIdentifier>
    </Filter>
  </ItemGroup>
  <ItemGroup>
    <ClInclude Include="framework.h">
      <Filter>헤더 파일</Filter>
    </ClInclude>
    <ClInclude Include="targetver.h">
      <Filter>헤더 파일</Filter>
    </ClInclude>
    <ClInclude Include="Resource.h">
      <Filter>헤더 파일</Filter>
    </ClInclude>
    <ClInclude Include="EngineDemo.h">
      <Filter>헤더 파일</Filter>
    </ClInclude>
    <ClInclude Include="Bullet.h">
      <Filter>Entity\Bullet</Filter>
    </ClInclude>
    <ClInclude Include="BulletMove.h">
      <Filter>Component\Bullet</Filter>
    </ClInclude>
    <ClInclude Include="Shooter.h">
      <Filter>Component\Bullet</Filter>
    </ClInclude>
    <ClInclude Include="TestMovement.h">
      <Filter>헤더 파일</Filter>
    </ClInclude>
    <ClInclude Include="Player.h">
      <Filter>Component\Player</Filter>
    </ClInclude>
    <ClInclude Include="ComponentBase.h">
      <Filter>Component\DebugComponent</Filter>
    </ClInclude>
    <ClInclude Include="Enemy.h">
      <Filter>Component\Enemy</Filter>
    </ClInclude>
    <ClInclude Include="PlayerController.h">
      <Filter>Component\Player</Filter>
    </ClInclude>
    <ClInclude Include="PlayerCamera.h">
      <Filter>Component\Player</Filter>
    </ClInclude>
    <ClInclude Include="PlayerAnimator.h">
      <Filter>Component\Player</Filter>
    </ClInclude>
    <ClInclude Include="MeleeWeapon.h">
      <Filter>Component\BattleSystem\Weapon</Filter>
    </ClInclude>
    <ClInclude Include="DamageSystem.h">
      <Filter>Component\BattleSystem\DamageSystem</Filter>
    </ClInclude>
    <ClInclude Include="CombatZone.h">
      <Filter>Component\Enemy</Filter>
    </ClInclude>
    <ClInclude Include="EnemyController.h">
      <Filter>Component\Enemy</Filter>
    </ClInclude>
    <ClInclude Include="TestFollwer.h">
      <Filter>헤더 파일</Filter>
    </ClInclude>
  </ItemGroup>
  <ItemGroup>
    <ClCompile Include="EngineDemo.cpp">
      <Filter>소스 파일</Filter>
    </ClCompile>
    <ClCompile Include="Bullet.cpp">
      <Filter>Entity\Bullet</Filter>
    </ClCompile>
    <ClCompile Include="BulletMove.cpp">
      <Filter>Component\Bullet</Filter>
    </ClCompile>
    <ClCompile Include="Shooter.cpp">
      <Filter>Component\Bullet</Filter>
    </ClCompile>
    <ClCompile Include="TestMovement.cpp">
      <Filter>소스 파일</Filter>
    </ClCompile>
    <ClCompile Include="Player.cpp">
      <Filter>Component\Player</Filter>
    </ClCompile>
    <ClCompile Include="ComponentBase.cpp">
      <Filter>Component\DebugComponent</Filter>
    </ClCompile>
    <ClCompile Include="Enemy.cpp">
      <Filter>Component\Enemy</Filter>
    </ClCompile>
    <ClCompile Include="PlayerController.cpp">
      <Filter>Component\Player</Filter>
    </ClCompile>
    <ClCompile Include="PlayerCamera.cpp">
      <Filter>Component\Player</Filter>
    </ClCompile>
    <ClCompile Include="PlayerAnimator.cpp">
      <Filter>Component\Player</Filter>
    </ClCompile>
    <ClCompile Include="MeleeWeapon.cpp">
      <Filter>Component\BattleSystem\Weapon</Filter>
    </ClCompile>
    <ClCompile Include="DamageSystem.cpp">
      <Filter>Component\BattleSystem\DamageSystem</Filter>
    </ClCompile>
    <ClCompile Include="CombatZone.cpp">
      <Filter>Component\Enemy</Filter>
    </ClCompile>
    <ClCompile Include="EnemyController.cpp">
      <Filter>Component\Enemy</Filter>
    </ClCompile>
    <ClCompile Include="TestFollwer.cpp">
      <Filter>소스 파일</Filter>
    </ClCompile>
  </ItemGroup>
  <ItemGroup>
    <ResourceCompile Include="EngineDemo.rc">
      <Filter>리소스 파일</Filter>
    </ResourceCompile>
  </ItemGroup>
  <ItemGroup>
    <Image Include="small.ico">
      <Filter>리소스 파일</Filter>
    </Image>
    <Image Include="EngineDemo.ico">
      <Filter>리소스 파일</Filter>
    </Image>
  </ItemGroup>
  <ItemGroup>
    <None Include="packages.config" />
  </ItemGroup>
</Project>